
Microsoft Visual Studio Solution File, Format Version 12.00
# Visual Studio 14
VisualStudioVersion = 14.0.25420.1
MinimumVisualStudioVersion = 10.0.40219.1
Project("{FAE04EC0-301F-11D3-BF4B-00C04F79EFBC}") = "Denuncias", "Denuncias\Denuncias\Denuncias.csproj", "{289569ED-69B2-4EEB-A7CE-2F9745DB4472}"
EndProject
Project("{FAE04EC0-301F-11D3-BF4B-00C04F79EFBC}") = "Denuncias.Droid", "Denuncias\Denuncias.Droid\Denuncias.Droid.csproj", "{F6EA03C2-9DD1-472A-B266-335BA481AA5E}"
EndProject
Project("{FAE04EC0-301F-11D3-BF4B-00C04F79EFBC}") = "Denuncias.iOS", "Denuncias\Denuncias.iOS\Denuncias.iOS.csproj", "{C4295D44-9613-4F51-9C3E-286DE65EF171}"
EndProject
Project("{FAE04EC0-301F-11D3-BF4B-00C04F79EFBC}") = "Denuncias.WinPhone", "Denuncias\Denuncias.WinPhone\Denuncias.WinPhone.csproj", "{A006751A-CADA-4327-8265-A3D625FACF47}"
EndProject
Project("{FAE04EC0-301F-11D3-BF4B-00C04F79EFBC}") = "Denuncias.UWP", "Denuncias\Denuncias.UWP\Denuncias.UWP.csproj", "{760E8BB1-B114-415A-B996-693947F2EC4C}"
EndProject
Project("{FAE04EC0-301F-11D3-BF4B-00C04F79EFBC}") = "Denuncias.Windows", "Denuncias\Denuncias.Windows\Denuncias.Windows.csproj", "{4749E169-02F3-4422-A9B7-4409CA4C6049}"
EndProject
Global
	GlobalSection(SolutionConfigurationPlatforms) = preSolution
		Ad-Hoc|Any CPU = Ad-Hoc|Any CPU
		Ad-Hoc|ARM = Ad-Hoc|ARM
		Ad-Hoc|iPhone = Ad-Hoc|iPhone
		Ad-Hoc|iPhoneSimulator = Ad-Hoc|iPhoneSimulator
		Ad-Hoc|x64 = Ad-Hoc|x64
		Ad-Hoc|x86 = Ad-Hoc|x86
		AppStore|Any CPU = AppStore|Any CPU
		AppStore|ARM = AppStore|ARM
		AppStore|iPhone = AppStore|iPhone
		AppStore|iPhoneSimulator = AppStore|iPhoneSimulator
		AppStore|x64 = AppStore|x64
		AppStore|x86 = AppStore|x86
		Debug|Any CPU = Debug|Any CPU
		Debug|ARM = Debug|ARM
		Debug|iPhone = Debug|iPhone
		Debug|iPhoneSimulator = Debug|iPhoneSimulator
		Debug|x64 = Debug|x64
		Debug|x86 = Debug|x86
		Release|Any CPU = Release|Any CPU
		Release|ARM = Release|ARM
		Release|iPhone = Release|iPhone
		Release|iPhoneSimulator = Release|iPhoneSimulator
		Release|x64 = Release|x64
		Release|x86 = Release|x86
	EndGlobalSection
	GlobalSection(ProjectConfigurationPlatforms) = postSolution
		{289569ED-69B2-4EEB-A7CE-2F9745DB4472}.Ad-Hoc|Any CPU.ActiveCfg = Release|Any CPU
		{289569ED-69B2-4EEB-A7CE-2F9745DB4472}.Ad-Hoc|Any CPU.Build.0 = Release|Any CPU
		{289569ED-69B2-4EEB-A7CE-2F9745DB4472}.Ad-Hoc|ARM.ActiveCfg = Release|Any CPU
		{289569ED-69B2-4EEB-A7CE-2F9745DB4472}.Ad-Hoc|ARM.Build.0 = Release|Any CPU
		{289569ED-69B2-4EEB-A7CE-2F9745DB4472}.Ad-Hoc|iPhone.ActiveCfg = Release|Any CPU
		{289569ED-69B2-4EEB-A7CE-2F9745DB4472}.Ad-Hoc|iPhone.Build.0 = Release|Any CPU
		{289569ED-69B2-4EEB-A7CE-2F9745DB4472}.Ad-Hoc|iPhoneSimulator.ActiveCfg = Release|Any CPU
		{289569ED-69B2-4EEB-A7CE-2F9745DB4472}.Ad-Hoc|iPhoneSimulator.Build.0 = Release|Any CPU
		{289569ED-69B2-4EEB-A7CE-2F9745DB4472}.Ad-Hoc|x64.ActiveCfg = Release|Any CPU
		{289569ED-69B2-4EEB-A7CE-2F9745DB4472}.Ad-Hoc|x64.Build.0 = Release|Any CPU
		{289569ED-69B2-4EEB-A7CE-2F9745DB4472}.Ad-Hoc|x86.ActiveCfg = Release|Any CPU
		{289569ED-69B2-4EEB-A7CE-2F9745DB4472}.Ad-Hoc|x86.Build.0 = Release|Any CPU
		{289569ED-69B2-4EEB-A7CE-2F9745DB4472}.AppStore|Any CPU.ActiveCfg = Release|Any CPU
		{289569ED-69B2-4EEB-A7CE-2F9745DB4472}.AppStore|Any CPU.Build.0 = Release|Any CPU
		{289569ED-69B2-4EEB-A7CE-2F9745DB4472}.AppStore|ARM.ActiveCfg = Release|Any CPU
		{289569ED-69B2-4EEB-A7CE-2F9745DB4472}.AppStore|ARM.Build.0 = Release|Any CPU
		{289569ED-69B2-4EEB-A7CE-2F9745DB4472}.AppStore|iPhone.ActiveCfg = Release|Any CPU
		{289569ED-69B2-4EEB-A7CE-2F9745DB4472}.AppStore|iPhone.Build.0 = Release|Any CPU
		{289569ED-69B2-4EEB-A7CE-2F9745DB4472}.AppStore|iPhoneSimulator.ActiveCfg = Release|Any CPU
		{289569ED-69B2-4EEB-A7CE-2F9745DB4472}.AppStore|iPhoneSimulator.Build.0 = Release|Any CPU
		{289569ED-69B2-4EEB-A7CE-2F9745DB4472}.AppStore|x64.ActiveCfg = Release|Any CPU
		{289569ED-69B2-4EEB-A7CE-2F9745DB4472}.AppStore|x64.Build.0 = Release|Any CPU
		{289569ED-69B2-4EEB-A7CE-2F9745DB4472}.AppStore|x86.ActiveCfg = Release|Any CPU
		{289569ED-69B2-4EEB-A7CE-2F9745DB4472}.AppStore|x86.Build.0 = Release|Any CPU
		{289569ED-69B2-4EEB-A7CE-2F9745DB4472}.Debug|Any CPU.ActiveCfg = Debug|Any CPU
		{289569ED-69B2-4EEB-A7CE-2F9745DB4472}.Debug|Any CPU.Build.0 = Debug|Any CPU
		{289569ED-69B2-4EEB-A7CE-2F9745DB4472}.Debug|ARM.ActiveCfg = Debug|Any CPU
		{289569ED-69B2-4EEB-A7CE-2F9745DB4472}.Debug|ARM.Build.0 = Debug|Any CPU
		{289569ED-69B2-4EEB-A7CE-2F9745DB4472}.Debug|iPhone.ActiveCfg = Debug|Any CPU
		{289569ED-69B2-4EEB-A7CE-2F9745DB4472}.Debug|iPhone.Build.0 = Debug|Any CPU
		{289569ED-69B2-4EEB-A7CE-2F9745DB4472}.Debug|iPhoneSimulator.ActiveCfg = Debug|Any CPU
		{289569ED-69B2-4EEB-A7CE-2F9745DB4472}.Debug|iPhoneSimulator.Build.0 = Debug|Any CPU
		{289569ED-69B2-4EEB-A7CE-2F9745DB4472}.Debug|x64.ActiveCfg = Debug|Any CPU
		{289569ED-69B2-4EEB-A7CE-2F9745DB4472}.Debug|x64.Build.0 = Debug|Any CPU
		{289569ED-69B2-4EEB-A7CE-2F9745DB4472}.Debug|x86.ActiveCfg = Debug|Any CPU
		{289569ED-69B2-4EEB-A7CE-2F9745DB4472}.Debug|x86.Build.0 = Debug|Any CPU
		{289569ED-69B2-4EEB-A7CE-2F9745DB4472}.Release|Any CPU.ActiveCfg = Release|Any CPU
		{289569ED-69B2-4EEB-A7CE-2F9745DB4472}.Release|Any CPU.Build.0 = Release|Any CPU
		{289569ED-69B2-4EEB-A7CE-2F9745DB4472}.Release|ARM.ActiveCfg = Release|Any CPU
		{289569ED-69B2-4EEB-A7CE-2F9745DB4472}.Release|ARM.Build.0 = Release|Any CPU
		{289569ED-69B2-4EEB-A7CE-2F9745DB4472}.Release|iPhone.ActiveCfg = Release|Any CPU
		{289569ED-69B2-4EEB-A7CE-2F9745DB4472}.Release|iPhone.Build.0 = Release|Any CPU
		{289569ED-69B2-4EEB-A7CE-2F9745DB4472}.Release|iPhoneSimulator.ActiveCfg = Release|Any CPU
		{289569ED-69B2-4EEB-A7CE-2F9745DB4472}.Release|iPhoneSimulator.Build.0 = Release|Any CPU
		{289569ED-69B2-4EEB-A7CE-2F9745DB4472}.Release|x64.ActiveCfg = Release|Any CPU
		{289569ED-69B2-4EEB-A7CE-2F9745DB4472}.Release|x64.Build.0 = Release|Any CPU
		{289569ED-69B2-4EEB-A7CE-2F9745DB4472}.Release|x86.ActiveCfg = Release|Any CPU
		{289569ED-69B2-4EEB-A7CE-2F9745DB4472}.Release|x86.Build.0 = Release|Any CPU
		{F6EA03C2-9DD1-472A-B266-335BA481AA5E}.Ad-Hoc|Any CPU.ActiveCfg = Release|Any CPU
		{F6EA03C2-9DD1-472A-B266-335BA481AA5E}.Ad-Hoc|Any CPU.Build.0 = Release|Any CPU
		{F6EA03C2-9DD1-472A-B266-335BA481AA5E}.Ad-Hoc|Any CPU.Deploy.0 = Release|Any CPU
		{F6EA03C2-9DD1-472A-B266-335BA481AA5E}.Ad-Hoc|ARM.ActiveCfg = Release|Any CPU
		{F6EA03C2-9DD1-472A-B266-335BA481AA5E}.Ad-Hoc|ARM.Build.0 = Release|Any CPU
		{F6EA03C2-9DD1-472A-B266-335BA481AA5E}.Ad-Hoc|ARM.Deploy.0 = Release|Any CPU
		{F6EA03C2-9DD1-472A-B266-335BA481AA5E}.Ad-Hoc|iPhone.ActiveCfg = Release|Any CPU
		{F6EA03C2-9DD1-472A-B266-335BA481AA5E}.Ad-Hoc|iPhone.Build.0 = Release|Any CPU
		{F6EA03C2-9DD1-472A-B266-335BA481AA5E}.Ad-Hoc|iPhone.Deploy.0 = Release|Any CPU
		{F6EA03C2-9DD1-472A-B266-335BA481AA5E}.Ad-Hoc|iPhoneSimulator.ActiveCfg = Release|Any CPU
		{F6EA03C2-9DD1-472A-B266-335BA481AA5E}.Ad-Hoc|iPhoneSimulator.Build.0 = Release|Any CPU
		{F6EA03C2-9DD1-472A-B266-335BA481AA5E}.Ad-Hoc|iPhoneSimulator.Deploy.0 = Release|Any CPU
		{F6EA03C2-9DD1-472A-B266-335BA481AA5E}.Ad-Hoc|x64.ActiveCfg = Release|Any CPU
		{F6EA03C2-9DD1-472A-B266-335BA481AA5E}.Ad-Hoc|x64.Build.0 = Release|Any CPU
		{F6EA03C2-9DD1-472A-B266-335BA481AA5E}.Ad-Hoc|x64.Deploy.0 = Release|Any CPU
		{F6EA03C2-9DD1-472A-B266-335BA481AA5E}.Ad-Hoc|x86.ActiveCfg = Release|Any CPU
		{F6EA03C2-9DD1-472A-B266-335BA481AA5E}.Ad-Hoc|x86.Build.0 = Release|Any CPU
		{F6EA03C2-9DD1-472A-B266-335BA481AA5E}.Ad-Hoc|x86.Deploy.0 = Release|Any CPU
		{F6EA03C2-9DD1-472A-B266-335BA481AA5E}.AppStore|Any CPU.ActiveCfg = Release|Any CPU
		{F6EA03C2-9DD1-472A-B266-335BA481AA5E}.AppStore|Any CPU.Build.0 = Release|Any CPU
		{F6EA03C2-9DD1-472A-B266-335BA481AA5E}.AppStore|Any CPU.Deploy.0 = Release|Any CPU
		{F6EA03C2-9DD1-472A-B266-335BA481AA5E}.AppStore|ARM.ActiveCfg = Release|Any CPU
		{F6EA03C2-9DD1-472A-B266-335BA481AA5E}.AppStore|ARM.Build.0 = Release|Any CPU
		{F6EA03C2-9DD1-472A-B266-335BA481AA5E}.AppStore|ARM.Deploy.0 = Release|Any CPU
		{F6EA03C2-9DD1-472A-B266-335BA481AA5E}.AppStore|iPhone.ActiveCfg = Release|Any CPU
		{F6EA03C2-9DD1-472A-B266-335BA481AA5E}.AppStore|iPhone.Build.0 = Release|Any CPU
		{F6EA03C2-9DD1-472A-B266-335BA481AA5E}.AppStore|iPhone.Deploy.0 = Release|Any CPU
		{F6EA03C2-9DD1-472A-B266-335BA481AA5E}.AppStore|iPhoneSimulator.ActiveCfg = Release|Any CPU
		{F6EA03C2-9DD1-472A-B266-335BA481AA5E}.AppStore|iPhoneSimulator.Build.0 = Release|Any CPU
		{F6EA03C2-9DD1-472A-B266-335BA481AA5E}.AppStore|iPhoneSimulator.Deploy.0 = Release|Any CPU
		{F6EA03C2-9DD1-472A-B266-335BA481AA5E}.AppStore|x64.ActiveCfg = Release|Any CPU
		{F6EA03C2-9DD1-472A-B266-335BA481AA5E}.AppStore|x64.Build.0 = Release|Any CPU
		{F6EA03C2-9DD1-472A-B266-335BA481AA5E}.AppStore|x64.Deploy.0 = Release|Any CPU
		{F6EA03C2-9DD1-472A-B266-335BA481AA5E}.AppStore|x86.ActiveCfg = Release|Any CPU
		{F6EA03C2-9DD1-472A-B266-335BA481AA5E}.AppStore|x86.Build.0 = Release|Any CPU
		{F6EA03C2-9DD1-472A-B266-335BA481AA5E}.AppStore|x86.Deploy.0 = Release|Any CPU
		{F6EA03C2-9DD1-472A-B266-335BA481AA5E}.Debug|Any CPU.ActiveCfg = Debug|Any CPU
		{F6EA03C2-9DD1-472A-B266-335BA481AA5E}.Debug|Any CPU.Build.0 = Debug|Any CPU
		{F6EA03C2-9DD1-472A-B266-335BA481AA5E}.Debug|Any CPU.Deploy.0 = Debug|Any CPU
		{F6EA03C2-9DD1-472A-B266-335BA481AA5E}.Debug|ARM.ActiveCfg = Debug|Any CPU
		{F6EA03C2-9DD1-472A-B266-335BA481AA5E}.Debug|ARM.Build.0 = Debug|Any CPU
		{F6EA03C2-9DD1-472A-B266-335BA481AA5E}.Debug|ARM.Deploy.0 = Debug|Any CPU
		{F6EA03C2-9DD1-472A-B266-335BA481AA5E}.Debug|iPhone.ActiveCfg = Debug|Any CPU
		{F6EA03C2-9DD1-472A-B266-335BA481AA5E}.Debug|iPhone.Build.0 = Debug|Any CPU
		{F6EA03C2-9DD1-472A-B266-335BA481AA5E}.Debug|iPhone.Deploy.0 = Debug|Any CPU
		{F6EA03C2-9DD1-472A-B266-335BA481AA5E}.Debug|iPhoneSimulator.ActiveCfg = Debug|Any CPU
		{F6EA03C2-9DD1-472A-B266-335BA481AA5E}.Debug|iPhoneSimulator.Build.0 = Debug|Any CPU
		{F6EA03C2-9DD1-472A-B266-335BA481AA5E}.Debug|iPhoneSimulator.Deploy.0 = Debug|Any CPU
		{F6EA03C2-9DD1-472A-B266-335BA481AA5E}.Debug|x64.ActiveCfg = Debug|Any CPU
		{F6EA03C2-9DD1-472A-B266-335BA481AA5E}.Debug|x64.Build.0 = Debug|Any CPU
		{F6EA03C2-9DD1-472A-B266-335BA481AA5E}.Debug|x64.Deploy.0 = Debug|Any CPU
		{F6EA03C2-9DD1-472A-B266-335BA481AA5E}.Debug|x86.ActiveCfg = Debug|Any CPU
		{F6EA03C2-9DD1-472A-B266-335BA481AA5E}.Debug|x86.Build.0 = Debug|Any CPU
		{F6EA03C2-9DD1-472A-B266-335BA481AA5E}.Debug|x86.Deploy.0 = Debug|Any CPU
		{F6EA03C2-9DD1-472A-B266-335BA481AA5E}.Release|Any CPU.ActiveCfg = Release|Any CPU
		{F6EA03C2-9DD1-472A-B266-335BA481AA5E}.Release|Any CPU.Build.0 = Release|Any CPU
		{F6EA03C2-9DD1-472A-B266-335BA481AA5E}.Release|Any CPU.Deploy.0 = Release|Any CPU
		{F6EA03C2-9DD1-472A-B266-335BA481AA5E}.Release|ARM.ActiveCfg = Release|Any CPU
		{F6EA03C2-9DD1-472A-B266-335BA481AA5E}.Release|ARM.Build.0 = Release|Any CPU
		{F6EA03C2-9DD1-472A-B266-335BA481AA5E}.Release|ARM.Deploy.0 = Release|Any CPU
		{F6EA03C2-9DD1-472A-B266-335BA481AA5E}.Release|iPhone.ActiveCfg = Release|Any CPU
		{F6EA03C2-9DD1-472A-B266-335BA481AA5E}.Release|iPhone.Build.0 = Release|Any CPU
		{F6EA03C2-9DD1-472A-B266-335BA481AA5E}.Release|iPhone.Deploy.0 = Release|Any CPU
		{F6EA03C2-9DD1-472A-B266-335BA481AA5E}.Release|iPhoneSimulator.ActiveCfg = Release|Any CPU
		{F6EA03C2-9DD1-472A-B266-335BA481AA5E}.Release|iPhoneSimulator.Build.0 = Release|Any CPU
		{F6EA03C2-9DD1-472A-B266-335BA481AA5E}.Release|iPhoneSimulator.Deploy.0 = Release|Any CPU
		{F6EA03C2-9DD1-472A-B266-335BA481AA5E}.Release|x64.ActiveCfg = Release|Any CPU
		{F6EA03C2-9DD1-472A-B266-335BA481AA5E}.Release|x64.Build.0 = Release|Any CPU
		{F6EA03C2-9DD1-472A-B266-335BA481AA5E}.Release|x64.Deploy.0 = Release|Any CPU
		{F6EA03C2-9DD1-472A-B266-335BA481AA5E}.Release|x86.ActiveCfg = Release|Any CPU
		{F6EA03C2-9DD1-472A-B266-335BA481AA5E}.Release|x86.Build.0 = Release|Any CPU
		{F6EA03C2-9DD1-472A-B266-335BA481AA5E}.Release|x86.Deploy.0 = Release|Any CPU
		{C4295D44-9613-4F51-9C3E-286DE65EF171}.Ad-Hoc|Any CPU.ActiveCfg = Ad-Hoc|iPhone
		{C4295D44-9613-4F51-9C3E-286DE65EF171}.Ad-Hoc|ARM.ActiveCfg = Ad-Hoc|iPhone
		{C4295D44-9613-4F51-9C3E-286DE65EF171}.Ad-Hoc|iPhone.ActiveCfg = Ad-Hoc|iPhone
		{C4295D44-9613-4F51-9C3E-286DE65EF171}.Ad-Hoc|iPhone.Build.0 = Ad-Hoc|iPhone
		{C4295D44-9613-4F51-9C3E-286DE65EF171}.Ad-Hoc|iPhoneSimulator.ActiveCfg = Ad-Hoc|iPhoneSimulator
		{C4295D44-9613-4F51-9C3E-286DE65EF171}.Ad-Hoc|iPhoneSimulator.Build.0 = Ad-Hoc|iPhoneSimulator
		{C4295D44-9613-4F51-9C3E-286DE65EF171}.Ad-Hoc|x64.ActiveCfg = Ad-Hoc|iPhone
		{C4295D44-9613-4F51-9C3E-286DE65EF171}.Ad-Hoc|x86.ActiveCfg = Ad-Hoc|iPhone
		{C4295D44-9613-4F51-9C3E-286DE65EF171}.AppStore|Any CPU.ActiveCfg = AppStore|iPhone
		{C4295D44-9613-4F51-9C3E-286DE65EF171}.AppStore|ARM.ActiveCfg = AppStore|iPhone
		{C4295D44-9613-4F51-9C3E-286DE65EF171}.AppStore|iPhone.ActiveCfg = AppStore|iPhone
		{C4295D44-9613-4F51-9C3E-286DE65EF171}.AppStore|iPhone.Build.0 = AppStore|iPhone
		{C4295D44-9613-4F51-9C3E-286DE65EF171}.AppStore|iPhoneSimulator.ActiveCfg = AppStore|iPhoneSimulator
		{C4295D44-9613-4F51-9C3E-286DE65EF171}.AppStore|iPhoneSimulator.Build.0 = AppStore|iPhoneSimulator
		{C4295D44-9613-4F51-9C3E-286DE65EF171}.AppStore|x64.ActiveCfg = AppStore|iPhone
		{C4295D44-9613-4F51-9C3E-286DE65EF171}.AppStore|x86.ActiveCfg = AppStore|iPhone
		{C4295D44-9613-4F51-9C3E-286DE65EF171}.Debug|Any CPU.ActiveCfg = Debug|iPhone
		{C4295D44-9613-4F51-9C3E-286DE65EF171}.Debug|ARM.ActiveCfg = Debug|iPhone
		{C4295D44-9613-4F51-9C3E-286DE65EF171}.Debug|iPhone.ActiveCfg = Debug|iPhone
		{C4295D44-9613-4F51-9C3E-286DE65EF171}.Debug|iPhone.Build.0 = Debug|iPhone
		{C4295D44-9613-4F51-9C3E-286DE65EF171}.Debug|iPhoneSimulator.ActiveCfg = Debug|iPhoneSimulator
		{C4295D44-9613-4F51-9C3E-286DE65EF171}.Debug|iPhoneSimulator.Build.0 = Debug|iPhoneSimulator
		{C4295D44-9613-4F51-9C3E-286DE65EF171}.Debug|x64.ActiveCfg = Debug|iPhone
		{C4295D44-9613-4F51-9C3E-286DE65EF171}.Debug|x86.ActiveCfg = Debug|iPhone
		{C4295D44-9613-4F51-9C3E-286DE65EF171}.Release|Any CPU.ActiveCfg = Release|iPhone
		{C4295D44-9613-4F51-9C3E-286DE65EF171}.Release|ARM.ActiveCfg = Release|iPhone
		{C4295D44-9613-4F51-9C3E-286DE65EF171}.Release|iPhone.ActiveCfg = Release|iPhone
		{C4295D44-9613-4F51-9C3E-286DE65EF171}.Release|iPhone.Build.0 = Release|iPhone
		{C4295D44-9613-4F51-9C3E-286DE65EF171}.Release|iPhoneSimulator.ActiveCfg = Release|iPhoneSimulator
		{C4295D44-9613-4F51-9C3E-286DE65EF171}.Release|iPhoneSimulator.Build.0 = Release|iPhoneSimulator
		{C4295D44-9613-4F51-9C3E-286DE65EF171}.Release|x64.ActiveCfg = Release|iPhone
		{C4295D44-9613-4F51-9C3E-286DE65EF171}.Release|x86.ActiveCfg = Release|iPhone
		{A006751A-CADA-4327-8265-A3D625FACF47}.Ad-Hoc|Any CPU.ActiveCfg = Release|Any CPU
		{A006751A-CADA-4327-8265-A3D625FACF47}.Ad-Hoc|Any CPU.Build.0 = Release|Any CPU
		{A006751A-CADA-4327-8265-A3D625FACF47}.Ad-Hoc|Any CPU.Deploy.0 = Release|Any CPU
		{A006751A-CADA-4327-8265-A3D625FACF47}.Ad-Hoc|ARM.ActiveCfg = Release|ARM
		{A006751A-CADA-4327-8265-A3D625FACF47}.Ad-Hoc|ARM.Build.0 = Release|ARM
		{A006751A-CADA-4327-8265-A3D625FACF47}.Ad-Hoc|ARM.Deploy.0 = Release|ARM
		{A006751A-CADA-4327-8265-A3D625FACF47}.Ad-Hoc|iPhone.ActiveCfg = Release|Any CPU
		{A006751A-CADA-4327-8265-A3D625FACF47}.Ad-Hoc|iPhone.Build.0 = Release|Any CPU
		{A006751A-CADA-4327-8265-A3D625FACF47}.Ad-Hoc|iPhone.Deploy.0 = Release|Any CPU
		{A006751A-CADA-4327-8265-A3D625FACF47}.Ad-Hoc|iPhoneSimulator.ActiveCfg = Release|Any CPU
		{A006751A-CADA-4327-8265-A3D625FACF47}.Ad-Hoc|iPhoneSimulator.Build.0 = Release|Any CPU
		{A006751A-CADA-4327-8265-A3D625FACF47}.Ad-Hoc|iPhoneSimulator.Deploy.0 = Release|Any CPU
		{A006751A-CADA-4327-8265-A3D625FACF47}.Ad-Hoc|x64.ActiveCfg = Release|Any CPU
		{A006751A-CADA-4327-8265-A3D625FACF47}.Ad-Hoc|x64.Build.0 = Release|Any CPU
		{A006751A-CADA-4327-8265-A3D625FACF47}.Ad-Hoc|x64.Deploy.0 = Release|Any CPU
		{A006751A-CADA-4327-8265-A3D625FACF47}.Ad-Hoc|x86.ActiveCfg = Release|x86
		{A006751A-CADA-4327-8265-A3D625FACF47}.Ad-Hoc|x86.Build.0 = Release|x86
		{A006751A-CADA-4327-8265-A3D625FACF47}.Ad-Hoc|x86.Deploy.0 = Release|x86
		{A006751A-CADA-4327-8265-A3D625FACF47}.AppStore|Any CPU.ActiveCfg = Release|Any CPU
		{A006751A-CADA-4327-8265-A3D625FACF47}.AppStore|Any CPU.Build.0 = Release|Any CPU
		{A006751A-CADA-4327-8265-A3D625FACF47}.AppStore|Any CPU.Deploy.0 = Release|Any CPU
		{A006751A-CADA-4327-8265-A3D625FACF47}.AppStore|ARM.ActiveCfg = Release|ARM
		{A006751A-CADA-4327-8265-A3D625FACF47}.AppStore|ARM.Build.0 = Release|ARM
		{A006751A-CADA-4327-8265-A3D625FACF47}.AppStore|ARM.Deploy.0 = Release|ARM
		{A006751A-CADA-4327-8265-A3D625FACF47}.AppStore|iPhone.ActiveCfg = Release|Any CPU
		{A006751A-CADA-4327-8265-A3D625FACF47}.AppStore|iPhone.Build.0 = Release|Any CPU
		{A006751A-CADA-4327-8265-A3D625FACF47}.AppStore|iPhone.Deploy.0 = Release|Any CPU
		{A006751A-CADA-4327-8265-A3D625FACF47}.AppStore|iPhoneSimulator.ActiveCfg = Release|Any CPU
		{A006751A-CADA-4327-8265-A3D625FACF47}.AppStore|iPhoneSimulator.Build.0 = Release|Any CPU
		{A006751A-CADA-4327-8265-A3D625FACF47}.AppStore|iPhoneSimulator.Deploy.0 = Release|Any CPU
		{A006751A-CADA-4327-8265-A3D625FACF47}.AppStore|x64.ActiveCfg = Release|Any CPU
		{A006751A-CADA-4327-8265-A3D625FACF47}.AppStore|x64.Build.0 = Release|Any CPU
		{A006751A-CADA-4327-8265-A3D625FACF47}.AppStore|x64.Deploy.0 = Release|Any CPU
		{A006751A-CADA-4327-8265-A3D625FACF47}.AppStore|x86.ActiveCfg = Release|x86
		{A006751A-CADA-4327-8265-A3D625FACF47}.AppStore|x86.Build.0 = Release|x86
		{A006751A-CADA-4327-8265-A3D625FACF47}.AppStore|x86.Deploy.0 = Release|x86
		{A006751A-CADA-4327-8265-A3D625FACF47}.Debug|Any CPU.ActiveCfg = Debug|Any CPU
		{A006751A-CADA-4327-8265-A3D625FACF47}.Debug|Any CPU.Build.0 = Debug|Any CPU
		{A006751A-CADA-4327-8265-A3D625FACF47}.Debug|Any CPU.Deploy.0 = Debug|Any CPU
		{A006751A-CADA-4327-8265-A3D625FACF47}.Debug|ARM.ActiveCfg = Debug|ARM
		{A006751A-CADA-4327-8265-A3D625FACF47}.Debug|ARM.Build.0 = Debug|ARM
		{A006751A-CADA-4327-8265-A3D625FACF47}.Debug|ARM.Deploy.0 = Debug|ARM
		{A006751A-CADA-4327-8265-A3D625FACF47}.Debug|iPhone.ActiveCfg = Debug|Any CPU
		{A006751A-CADA-4327-8265-A3D625FACF47}.Debug|iPhone.Build.0 = Debug|Any CPU
		{A006751A-CADA-4327-8265-A3D625FACF47}.Debug|iPhone.Deploy.0 = Debug|Any CPU
		{A006751A-CADA-4327-8265-A3D625FACF47}.Debug|iPhoneSimulator.ActiveCfg = Debug|Any CPU
		{A006751A-CADA-4327-8265-A3D625FACF47}.Debug|iPhoneSimulator.Build.0 = Debug|Any CPU
		{A006751A-CADA-4327-8265-A3D625FACF47}.Debug|iPhoneSimulator.Deploy.0 = Debug|Any CPU
		{A006751A-CADA-4327-8265-A3D625FACF47}.Debug|x64.ActiveCfg = Debug|Any CPU
		{A006751A-CADA-4327-8265-A3D625FACF47}.Debug|x64.Build.0 = Debug|Any CPU
		{A006751A-CADA-4327-8265-A3D625FACF47}.Debug|x64.Deploy.0 = Debug|Any CPU
		{A006751A-CADA-4327-8265-A3D625FACF47}.Debug|x86.ActiveCfg = Debug|x86
		{A006751A-CADA-4327-8265-A3D625FACF47}.Debug|x86.Build.0 = Debug|x86
		{A006751A-CADA-4327-8265-A3D625FACF47}.Debug|x86.Deploy.0 = Debug|x86
		{A006751A-CADA-4327-8265-A3D625FACF47}.Release|Any CPU.ActiveCfg = Release|Any CPU
		{A006751A-CADA-4327-8265-A3D625FACF47}.Release|Any CPU.Build.0 = Release|Any CPU
		{A006751A-CADA-4327-8265-A3D625FACF47}.Release|Any CPU.Deploy.0 = Release|Any CPU
		{A006751A-CADA-4327-8265-A3D625FACF47}.Release|ARM.ActiveCfg = Release|ARM
		{A006751A-CADA-4327-8265-A3D625FACF47}.Release|ARM.Build.0 = Release|ARM
		{A006751A-CADA-4327-8265-A3D625FACF47}.Release|ARM.Deploy.0 = Release|ARM
		{A006751A-CADA-4327-8265-A3D625FACF47}.Release|iPhone.ActiveCfg = Release|Any CPU
		{A006751A-CADA-4327-8265-A3D625FACF47}.Release|iPhone.Build.0 = Release|Any CPU
		{A006751A-CADA-4327-8265-A3D625FACF47}.Release|iPhone.Deploy.0 = Release|Any CPU
		{A006751A-CADA-4327-8265-A3D625FACF47}.Release|iPhoneSimulator.ActiveCfg = Release|Any CPU
		{A006751A-CADA-4327-8265-A3D625FACF47}.Release|iPhoneSimulator.Build.0 = Release|Any CPU
		{A006751A-CADA-4327-8265-A3D625FACF47}.Release|iPhoneSimulator.Deploy.0 = Release|Any CPU
		{A006751A-CADA-4327-8265-A3D625FACF47}.Release|x64.ActiveCfg = Release|Any CPU
		{A006751A-CADA-4327-8265-A3D625FACF47}.Release|x64.Build.0 = Release|Any CPU
		{A006751A-CADA-4327-8265-A3D625FACF47}.Release|x64.Deploy.0 = Release|Any CPU
		{A006751A-CADA-4327-8265-A3D625FACF47}.Release|x86.ActiveCfg = Release|x86
		{A006751A-CADA-4327-8265-A3D625FACF47}.Release|x86.Build.0 = Release|x86
		{A006751A-CADA-4327-8265-A3D625FACF47}.Release|x86.Deploy.0 = Release|x86
		{760E8BB1-B114-415A-B996-693947F2EC4C}.Ad-Hoc|Any CPU.ActiveCfg = Release|x86
		{760E8BB1-B114-415A-B996-693947F2EC4C}.Ad-Hoc|Any CPU.Build.0 = Release|x86
		{760E8BB1-B114-415A-B996-693947F2EC4C}.Ad-Hoc|Any CPU.Deploy.0 = Release|x86
		{760E8BB1-B114-415A-B996-693947F2EC4C}.Ad-Hoc|ARM.ActiveCfg = Release|ARM
		{760E8BB1-B114-415A-B996-693947F2EC4C}.Ad-Hoc|ARM.Build.0 = Release|ARM
		{760E8BB1-B114-415A-B996-693947F2EC4C}.Ad-Hoc|ARM.Deploy.0 = Release|ARM
		{760E8BB1-B114-415A-B996-693947F2EC4C}.Ad-Hoc|iPhone.ActiveCfg = Release|x86
		{760E8BB1-B114-415A-B996-693947F2EC4C}.Ad-Hoc|iPhone.Build.0 = Release|x86
		{760E8BB1-B114-415A-B996-693947F2EC4C}.Ad-Hoc|iPhone.Deploy.0 = Release|x86
		{760E8BB1-B114-415A-B996-693947F2EC4C}.Ad-Hoc|iPhoneSimulator.ActiveCfg = Release|x86
		{760E8BB1-B114-415A-B996-693947F2EC4C}.Ad-Hoc|iPhoneSimulator.Build.0 = Release|x86
		{760E8BB1-B114-415A-B996-693947F2EC4C}.Ad-Hoc|iPhoneSimulator.Deploy.0 = Release|x86
		{760E8BB1-B114-415A-B996-693947F2EC4C}.Ad-Hoc|x64.ActiveCfg = Release|x64
		{760E8BB1-B114-415A-B996-693947F2EC4C}.Ad-Hoc|x64.Build.0 = Release|x64
		{760E8BB1-B114-415A-B996-693947F2EC4C}.Ad-Hoc|x64.Deploy.0 = Release|x64
		{760E8BB1-B114-415A-B996-693947F2EC4C}.Ad-Hoc|x86.ActiveCfg = Release|x86
		{760E8BB1-B114-415A-B996-693947F2EC4C}.Ad-Hoc|x86.Build.0 = Release|x86
		{760E8BB1-B114-415A-B996-693947F2EC4C}.Ad-Hoc|x86.Deploy.0 = Release|x86
		{760E8BB1-B114-415A-B996-693947F2EC4C}.AppStore|Any CPU.ActiveCfg = Release|x86
		{760E8BB1-B114-415A-B996-693947F2EC4C}.AppStore|Any CPU.Build.0 = Release|x86
		{760E8BB1-B114-415A-B996-693947F2EC4C}.AppStore|Any CPU.Deploy.0 = Release|x86
		{760E8BB1-B114-415A-B996-693947F2EC4C}.AppStore|ARM.ActiveCfg = Release|ARM
		{760E8BB1-B114-415A-B996-693947F2EC4C}.AppStore|ARM.Build.0 = Release|ARM
		{760E8BB1-B114-415A-B996-693947F2EC4C}.AppStore|ARM.Deploy.0 = Release|ARM
		{760E8BB1-B114-415A-B996-693947F2EC4C}.AppStore|iPhone.ActiveCfg = Release|x86
		{760E8BB1-B114-415A-B996-693947F2EC4C}.AppStore|iPhone.Build.0 = Release|x86
		{760E8BB1-B114-415A-B996-693947F2EC4C}.AppStore|iPhone.Deploy.0 = Release|x86
		{760E8BB1-B114-415A-B996-693947F2EC4C}.AppStore|iPhoneSimulator.ActiveCfg = Release|x86
		{760E8BB1-B114-415A-B996-693947F2EC4C}.AppStore|iPhoneSimulator.Build.0 = Release|x86
		{760E8BB1-B114-415A-B996-693947F2EC4C}.AppStore|iPhoneSimulator.Deploy.0 = Release|x86
		{760E8BB1-B114-415A-B996-693947F2EC4C}.AppStore|x64.ActiveCfg = Release|x64
		{760E8BB1-B114-415A-B996-693947F2EC4C}.AppStore|x64.Build.0 = Release|x64
		{760E8BB1-B114-415A-B996-693947F2EC4C}.AppStore|x64.Deploy.0 = Release|x64
		{760E8BB1-B114-415A-B996-693947F2EC4C}.AppStore|x86.ActiveCfg = Release|x86
		{760E8BB1-B114-415A-B996-693947F2EC4C}.AppStore|x86.Build.0 = Release|x86
		{760E8BB1-B114-415A-B996-693947F2EC4C}.AppStore|x86.Deploy.0 = Release|x86
		{760E8BB1-B114-415A-B996-693947F2EC4C}.Debug|Any CPU.ActiveCfg = Debug|x86
		{760E8BB1-B114-415A-B996-693947F2EC4C}.Debug|ARM.ActiveCfg = Debug|ARM
		{760E8BB1-B114-415A-B996-693947F2EC4C}.Debug|ARM.Build.0 = Debug|ARM
		{760E8BB1-B114-415A-B996-693947F2EC4C}.Debug|ARM.Deploy.0 = Debug|ARM
		{760E8BB1-B114-415A-B996-693947F2EC4C}.Debug|iPhone.ActiveCfg = Debug|x86
		{760E8BB1-B114-415A-B996-693947F2EC4C}.Debug|iPhoneSimulator.ActiveCfg = Debug|x86
		{760E8BB1-B114-415A-B996-693947F2EC4C}.Debug|x64.ActiveCfg = Debug|x64
		{760E8BB1-B114-415A-B996-693947F2EC4C}.Debug|x64.Build.0 = Debug|x64
		{760E8BB1-B114-415A-B996-693947F2EC4C}.Debug|x64.Deploy.0 = Debug|x64
		{760E8BB1-B114-415A-B996-693947F2EC4C}.Debug|x86.ActiveCfg = Debug|x86
		{760E8BB1-B114-415A-B996-693947F2EC4C}.Debug|x86.Build.0 = Debug|x86
		{760E8BB1-B114-415A-B996-693947F2EC4C}.Debug|x86.Deploy.0 = Debug|x86
		{760E8BB1-B114-415A-B996-693947F2EC4C}.Release|Any CPU.ActiveCfg = Release|x86
		{760E8BB1-B114-415A-B996-693947F2EC4C}.Release|ARM.ActiveCfg = Release|ARM
		{760E8BB1-B114-415A-B996-693947F2EC4C}.Release|ARM.Build.0 = Release|ARM
		{760E8BB1-B114-415A-B996-693947F2EC4C}.Release|ARM.Deploy.0 = Release|ARM
		{760E8BB1-B114-415A-B996-693947F2EC4C}.Release|iPhone.ActiveCfg = Release|x86
		{760E8BB1-B114-415A-B996-693947F2EC4C}.Release|iPhoneSimulator.ActiveCfg = Release|x86
		{760E8BB1-B114-415A-B996-693947F2EC4C}.Release|x64.ActiveCfg = Release|x64
		{760E8BB1-B114-415A-B996-693947F2EC4C}.Release|x64.Build.0 = Release|x64
		{760E8BB1-B114-415A-B996-693947F2EC4C}.Release|x64.Deploy.0 = Release|x64
		{760E8BB1-B114-415A-B996-693947F2EC4C}.Release|x86.ActiveCfg = Release|x86
		{760E8BB1-B114-415A-B996-693947F2EC4C}.Release|x86.Build.0 = Release|x86
		{760E8BB1-B114-415A-B996-693947F2EC4C}.Release|x86.Deploy.0 = Release|x86
		{4749E169-02F3-4422-A9B7-4409CA4C6049}.Ad-Hoc|Any CPU.ActiveCfg = Release|Any CPU
		{4749E169-02F3-4422-A9B7-4409CA4C6049}.Ad-Hoc|Any CPU.Build.0 = Release|Any CPU
		{4749E169-02F3-4422-A9B7-4409CA4C6049}.Ad-Hoc|Any CPU.Deploy.0 = Release|Any CPU
		{4749E169-02F3-4422-A9B7-4409CA4C6049}.Ad-Hoc|ARM.ActiveCfg = Release|ARM
		{4749E169-02F3-4422-A9B7-4409CA4C6049}.Ad-Hoc|ARM.Build.0 = Release|ARM
		{4749E169-02F3-4422-A9B7-4409CA4C6049}.Ad-Hoc|ARM.Deploy.0 = Release|ARM
		{4749E169-02F3-4422-A9B7-4409CA4C6049}.Ad-Hoc|iPhone.ActiveCfg = Release|Any CPU
		{4749E169-02F3-4422-A9B7-4409CA4C6049}.Ad-Hoc|iPhone.Build.0 = Release|Any CPU
		{4749E169-02F3-4422-A9B7-4409CA4C6049}.Ad-Hoc|iPhone.Deploy.0 = Release|Any CPU
		{4749E169-02F3-4422-A9B7-4409CA4C6049}.Ad-Hoc|iPhoneSimulator.ActiveCfg = Release|Any CPU
		{4749E169-02F3-4422-A9B7-4409CA4C6049}.Ad-Hoc|iPhoneSimulator.Build.0 = Release|Any CPU
		{4749E169-02F3-4422-A9B7-4409CA4C6049}.Ad-Hoc|iPhoneSimulator.Deploy.0 = Release|Any CPU
		{4749E169-02F3-4422-A9B7-4409CA4C6049}.Ad-Hoc|x64.ActiveCfg = Release|x64
		{4749E169-02F3-4422-A9B7-4409CA4C6049}.Ad-Hoc|x64.Build.0 = Release|x64
		{4749E169-02F3-4422-A9B7-4409CA4C6049}.Ad-Hoc|x64.Deploy.0 = Release|x64
		{4749E169-02F3-4422-A9B7-4409CA4C6049}.Ad-Hoc|x86.ActiveCfg = Release|x86
		{4749E169-02F3-4422-A9B7-4409CA4C6049}.Ad-Hoc|x86.Build.0 = Release|x86
		{4749E169-02F3-4422-A9B7-4409CA4C6049}.Ad-Hoc|x86.Deploy.0 = Release|x86
		{4749E169-02F3-4422-A9B7-4409CA4C6049}.AppStore|Any CPU.ActiveCfg = Release|Any CPU
		{4749E169-02F3-4422-A9B7-4409CA4C6049}.AppStore|Any CPU.Build.0 = Release|Any CPU
		{4749E169-02F3-4422-A9B7-4409CA4C6049}.AppStore|Any CPU.Deploy.0 = Release|Any CPU
		{4749E169-02F3-4422-A9B7-4409CA4C6049}.AppStore|ARM.ActiveCfg = Release|ARM
		{4749E169-02F3-4422-A9B7-4409CA4C6049}.AppStore|ARM.Build.0 = Release|ARM
		{4749E169-02F3-4422-A9B7-4409CA4C6049}.AppStore|ARM.Deploy.0 = Release|ARM
		{4749E169-02F3-4422-A9B7-4409CA4C6049}.AppStore|iPhone.ActiveCfg = Release|Any CPU
		{4749E169-02F3-4422-A9B7-4409CA4C6049}.AppStore|iPhone.Build.0 = Release|Any CPU
		{4749E169-02F3-4422-A9B7-4409CA4C6049}.AppStore|iPhone.Deploy.0 = Release|Any CPU
		{4749E169-02F3-4422-A9B7-4409CA4C6049}.AppStore|iPhoneSimulator.ActiveCfg = Release|Any CPU
		{4749E169-02F3-4422-A9B7-4409CA4C6049}.AppStore|iPhoneSimulator.Build.0 = Release|Any CPU
		{4749E169-02F3-4422-A9B7-4409CA4C6049}.AppStore|iPhoneSimulator.Deploy.0 = Release|Any CPU
		{4749E169-02F3-4422-A9B7-4409CA4C6049}.AppStore|x64.ActiveCfg = Release|x64
		{4749E169-02F3-4422-A9B7-4409CA4C6049}.AppStore|x64.Build.0 = Release|x64
		{4749E169-02F3-4422-A9B7-4409CA4C6049}.AppStore|x64.Deploy.0 = Release|x64
		{4749E169-02F3-4422-A9B7-4409CA4C6049}.AppStore|x86.ActiveCfg = Release|x86
		{4749E169-02F3-4422-A9B7-4409CA4C6049}.AppStore|x86.Build.0 = Release|x86
		{4749E169-02F3-4422-A9B7-4409CA4C6049}.AppStore|x86.Deploy.0 = Release|x86
		{4749E169-02F3-4422-A9B7-4409CA4C6049}.Debug|Any CPU.ActiveCfg = Debug|Any CPU
		{4749E169-02F3-4422-A9B7-4409CA4C6049}.Debug|Any CPU.Build.0 = Debug|Any CPU
		{4749E169-02F3-4422-A9B7-4409CA4C6049}.Debug|Any CPU.Deploy.0 = Debug|Any CPU
		{4749E169-02F3-4422-A9B7-4409CA4C6049}.Debug|ARM.ActiveCfg = Debug|ARM
		{4749E169-02F3-4422-A9B7-4409CA4C6049}.Debug|ARM.Build.0 = Debug|ARM
		{4749E169-02F3-4422-A9B7-4409CA4C6049}.Debug|ARM.Deploy.0 = Debug|ARM
		{4749E169-02F3-4422-A9B7-4409CA4C6049}.Debug|iPhone.ActiveCfg = Debug|Any CPU
		{4749E169-02F3-4422-A9B7-4409CA4C6049}.Debug|iPhone.Build.0 = Debug|Any CPU
		{4749E169-02F3-4422-A9B7-4409CA4C6049}.Debug|iPhone.Deploy.0 = Debug|Any CPU
		{4749E169-02F3-4422-A9B7-4409CA4C6049}.Debug|iPhoneSimulator.ActiveCfg = Debug|Any CPU
		{4749E169-02F3-4422-A9B7-4409CA4C6049}.Debug|iPhoneSimulator.Build.0 = Debug|Any CPU
		{4749E169-02F3-4422-A9B7-4409CA4C6049}.Debug|iPhoneSimulator.Deploy.0 = Debug|Any CPU
		{4749E169-02F3-4422-A9B7-4409CA4C6049}.Debug|x64.ActiveCfg = Debug|x64
		{4749E169-02F3-4422-A9B7-4409CA4C6049}.Debug|x64.Build.0 = Debug|x64
		{4749E169-02F3-4422-A9B7-4409CA4C6049}.Debug|x64.Deploy.0 = Debug|x64
		{4749E169-02F3-4422-A9B7-4409CA4C6049}.Debug|x86.ActiveCfg = Debug|x86
		{4749E169-02F3-4422-A9B7-4409CA4C6049}.Debug|x86.Build.0 = Debug|x86
		{4749E169-02F3-4422-A9B7-4409CA4C6049}.Debug|x86.Deploy.0 = Debug|x86
		{4749E169-02F3-4422-A9B7-4409CA4C6049}.Release|Any CPU.ActiveCfg = Release|Any CPU
		{4749E169-02F3-4422-A9B7-4409CA4C6049}.Release|Any CPU.Build.0 = Release|Any CPU
		{4749E169-02F3-4422-A9B7-4409CA4C6049}.Release|Any CPU.Deploy.0 = Release|Any CPU
		{4749E169-02F3-4422-A9B7-4409CA4C6049}.Release|ARM.ActiveCfg = Release|ARM
		{4749E169-02F3-4422-A9B7-4409CA4C6049}.Release|ARM.Build.0 = Release|ARM
		{4749E169-02F3-4422-A9B7-4409CA4C6049}.Release|ARM.Deploy.0 = Release|ARM
		{4749E169-02F3-4422-A9B7-4409CA4C6049}.Release|iPhone.ActiveCfg = Release|Any CPU
		{4749E169-02F3-4422-A9B7-4409CA4C6049}.Release|iPhone.Build.0 = Release|Any CPU
		{4749E169-02F3-4422-A9B7-4409CA4C6049}.Release|iPhone.Deploy.0 = Release|Any CPU
		{4749E169-02F3-4422-A9B7-4409CA4C6049}.Release|iPhoneSimulator.ActiveCfg = Release|Any CPU
		{4749E169-02F3-4422-A9B7-4409CA4C6049}.Release|iPhoneSimulator.Build.0 = Release|Any CPU
		{4749E169-02F3-4422-A9B7-4409CA4C6049}.Release|iPhoneSimulator.Deploy.0 = Release|Any CPU
		{4749E169-02F3-4422-A9B7-4409CA4C6049}.Release|x64.ActiveCfg = Release|x64
		{4749E169-02F3-4422-A9B7-4409CA4C6049}.Release|x64.Build.0 = Release|x64
		{4749E169-02F3-4422-A9B7-4409CA4C6049}.Release|x64.Deploy.0 = Release|x64
		{4749E169-02F3-4422-A9B7-4409CA4C6049}.Release|x86.ActiveCfg = Release|x86
		{4749E169-02F3-4422-A9B7-4409CA4C6049}.Release|x86.Build.0 = Release|x86
		{4749E169-02F3-4422-A9B7-4409CA4C6049}.Release|x86.Deploy.0 = Release|x86
	EndGlobalSection
	GlobalSection(SolutionProperties) = preSolution
		HideSolutionNode = FALSE
	EndGlobalSection
EndGlobal
